
Microsoft Visual Studio Solution File, Format Version 12.00
# Visual Studio Version 17
VisualStudioVersion = 17.9.34622.214
MinimumVisualStudioVersion = 10.0.40219.1
Project("{FAE04EC0-301F-11D3-BF4B-00C04F79EFBC}") = "10A-ornek", "10A-ornek\10A-ornek.csproj", "{814AAEA9-B915-4825-8BF6-08D3331C6CE8}"
EndProject
Global
	GlobalSection(SolutionConfigurationPlatforms) = preSolution
		Debug|Any CPU = Debug|Any CPU
		Release|Any CPU = Release|Any CPU
	EndGlobalSection
	GlobalSection(ProjectConfigurationPlatforms) = postSolution
		{814AAEA9-B915-4825-8BF6-08D3331C6CE8}.Debug|Any CPU.ActiveCfg = Debug|Any CPU
		{814AAEA9-B915-4825-8BF6-08D3331C6CE8}.Debug|Any CPU.Build.0 = Debug|Any CPU
		{814AAEA9-B915-4825-8BF6-08D3331C6CE8}.Release|Any CPU.ActiveCfg = Release|Any CPU
		{814AAEA9-B915-4825-8BF6-08D3331C6CE8}.Release|Any CPU.Build.0 = Release|Any CPU
	EndGlobalSection
	GlobalSection(SolutionProperties) = preSolution
		HideSolutionNode = FALSE
	EndGlobalSection
	GlobalSection(ExtensibilityGlobals) = postSolution
		SolutionGuid = {6D2B3828-E0B4-4A56-B198-CB965E25D3AC}
	EndGlobalSection
EndGlobal
